// !$*UTF8*$!
{
	archiveVersion = 1;
	classes = {
	};
	objectVersion = 50;
	objects = {

/* Begin PBXBuildFile section */
		F76FA9D2266A88C9004B6D25 /* AppDelegate.swift in Sources */ = {isa = PBXBuildFile; fileRef = F76FA9D1266A88C9004B6D25 /* AppDelegate.swift */; };
		F76FA9D4266A88C9004B6D25 /* SceneDelegate.swift in Sources */ = {isa = PBXBuildFile; fileRef = F76FA9D3266A88C9004B6D25 /* SceneDelegate.swift */; };
		F76FA9D6266A88C9004B6D25 /* ViewController.swift in Sources */ = {isa = PBXBuildFile; fileRef = F76FA9D5266A88C9004B6D25 /* ViewController.swift */; };
		F76FA9D9266A88C9004B6D25 /* Main.storyboard in Resources */ = {isa = PBXBuildFile; fileRef = F76FA9D7266A88C9004B6D25 /* Main.storyboard */; };
		F76FA9DB266A88CB004B6D25 /* Assets.xcassets in Resources */ = {isa = PBXBuildFile; fileRef = F76FA9DA266A88CB004B6D25 /* Assets.xcassets */; };
		F76FA9DE266A88CB004B6D25 /* LaunchScreen.storyboard in Resources */ = {isa = PBXBuildFile; fileRef = F76FA9DC266A88CB004B6D25 /* LaunchScreen.storyboard */; };
		F76FA9E9266A88CB004B6D25 /* iOSApp360Tests.swift in Sources */ = {isa = PBXBuildFile; fileRef = F76FA9E8266A88CB004B6D25 /* iOSApp360Tests.swift */; };
		F76FA9F4266A88CB004B6D25 /* iOSApp360UITests.swift in Sources */ = {isa = PBXBuildFile; fileRef = F76FA9F3266A88CB004B6D25 /* iOSApp360UITests.swift */; };
		F76FAA0B266A8D23004B6D25 /* AppConfig.swift in Sources */ = {isa = PBXBuildFile; fileRef = F76FAA0A266A8D23004B6D25 /* AppConfig.swift */; };
/* End PBXBuildFile section */

/* Begin PBXContainerItemProxy section */
		F76FA9E5266A88CB004B6D25 /* PBXContainerItemProxy */ = {
			isa = PBXContainerItemProxy;
			containerPortal = F76FA9C6266A88C9004B6D25 /* Project object */;
			proxyType = 1;
			remoteGlobalIDString = F76FA9CD266A88C9004B6D25;
			remoteInfo = iOSApp360;
		};
		F76FA9F0266A88CB004B6D25 /* PBXContainerItemProxy */ = {
			isa = PBXContainerItemProxy;
			containerPortal = F76FA9C6266A88C9004B6D25 /* Project object */;
			proxyType = 1;
			remoteGlobalIDString = F76FA9CD266A88C9004B6D25;
			remoteInfo = iOSApp360;
		};
/* End PBXContainerItemProxy section */

/* Begin PBXFileReference section */
		F76FA9CE266A88C9004B6D25 /* iOSApp360.app */ = {isa = PBXFileReference; explicitFileType = wrapper.application; includeInIndex = 0; path = iOSApp360.app; sourceTree = BUILT_PRODUCTS_DIR; };
		F76FA9D1266A88C9004B6D25 /* AppDelegate.swift */ = {isa = PBXFileReference; lastKnownFileType = sourcecode.swift; path = AppDelegate.swift; sourceTree = "<group>"; };
		F76FA9D3266A88C9004B6D25 /* SceneDelegate.swift */ = {isa = PBXFileReference; lastKnownFileType = sourcecode.swift; path = SceneDelegate.swift; sourceTree = "<group>"; };
		F76FA9D5266A88C9004B6D25 /* ViewController.swift */ = {isa = PBXFileReference; lastKnownFileType = sourcecode.swift; path = ViewController.swift; sourceTree = "<group>"; };
		F76FA9D8266A88C9004B6D25 /* Base */ = {isa = PBXFileReference; lastKnownFileType = file.storyboard; name = Base; path = Base.lproj/Main.storyboard; sourceTree = "<group>"; };
		F76FA9DA266A88CB004B6D25 /* Assets.xcassets */ = {isa = PBXFileReference; lastKnownFileType = folder.assetcatalog; path = Assets.xcassets; sourceTree = "<group>"; };
		F76FA9DD266A88CB004B6D25 /* Base */ = {isa = PBXFileReference; lastKnownFileType = file.storyboard; name = Base; path = Base.lproj/LaunchScreen.storyboard; sourceTree = "<group>"; };
		F76FA9DF266A88CB004B6D25 /* Info.plist */ = {isa = PBXFileReference; lastKnownFileType = text.plist.xml; path = Info.plist; sourceTree = "<group>"; };
		F76FA9E4266A88CB004B6D25 /* iOSApp360Tests.xctest */ = {isa = PBXFileReference; explicitFileType = wrapper.cfbundle; includeInIndex = 0; path = iOSApp360Tests.xctest; sourceTree = BUILT_PRODUCTS_DIR; };
		F76FA9E8266A88CB004B6D25 /* iOSApp360Tests.swift */ = {isa = PBXFileReference; lastKnownFileType = sourcecode.swift; path = iOSApp360Tests.swift; sourceTree = "<group>"; };
		F76FA9EA266A88CB004B6D25 /* Info.plist */ = {isa = PBXFileReference; lastKnownFileType = text.plist.xml; path = Info.plist; sourceTree = "<group>"; };
		F76FA9EF266A88CB004B6D25 /* iOSApp360UITests.xctest */ = {isa = PBXFileReference; explicitFileType = wrapper.cfbundle; includeInIndex = 0; path = iOSApp360UITests.xctest; sourceTree = BUILT_PRODUCTS_DIR; };
		F76FA9F3266A88CB004B6D25 /* iOSApp360UITests.swift */ = {isa = PBXFileReference; lastKnownFileType = sourcecode.swift; path = iOSApp360UITests.swift; sourceTree = "<group>"; };
		F76FA9F5266A88CB004B6D25 /* Info.plist */ = {isa = PBXFileReference; lastKnownFileType = text.plist.xml; path = Info.plist; sourceTree = "<group>"; };
		F76FAA0A266A8D23004B6D25 /* AppConfig.swift */ = {isa = PBXFileReference; lastKnownFileType = sourcecode.swift; path = AppConfig.swift; sourceTree = "<group>"; };
/* End PBXFileReference section */

/* Begin PBXFrameworksBuildPhase section */
		F76FA9CB266A88C9004B6D25 /* Frameworks */ = {
			isa = PBXFrameworksBuildPhase;
			buildActionMask = 2147483647;
			files = (
			);
			runOnlyForDeploymentPostprocessing = 0;
		};
		F76FA9E1266A88CB004B6D25 /* Frameworks */ = {
			isa = PBXFrameworksBuildPhase;
			buildActionMask = 2147483647;
			files = (
			);
			runOnlyForDeploymentPostprocessing = 0;
		};
		F76FA9EC266A88CB004B6D25 /* Frameworks */ = {
			isa = PBXFrameworksBuildPhase;
			buildActionMask = 2147483647;
			files = (
			);
			runOnlyForDeploymentPostprocessing = 0;
		};
/* End PBXFrameworksBuildPhase section */

/* Begin PBXGroup section */
		F76FA9C5266A88C9004B6D25 = {
			isa = PBXGroup;
			children = (
				F76FA9D0266A88C9004B6D25 /* iOSApp360 */,
				F76FA9E7266A88CB004B6D25 /* iOSApp360Tests */,
				F76FA9F2266A88CB004B6D25 /* iOSApp360UITests */,
				F76FA9CF266A88C9004B6D25 /* Products */,
			);
			sourceTree = "<group>";
		};
		F76FA9CF266A88C9004B6D25 /* Products */ = {
			isa = PBXGroup;
			children = (
				F76FA9CE266A88C9004B6D25 /* iOSApp360.app */,
				F76FA9E4266A88CB004B6D25 /* iOSApp360Tests.xctest */,
				F76FA9EF266A88CB004B6D25 /* iOSApp360UITests.xctest */,
			);
			name = Products;
			sourceTree = "<group>";
		};
		F76FA9D0266A88C9004B6D25 /* iOSApp360 */ = {
			isa = PBXGroup;
			children = (
				F76FA9D1266A88C9004B6D25 /* AppDelegate.swift */,
				F76FA9D3266A88C9004B6D25 /* SceneDelegate.swift */,
				F76FA9D5266A88C9004B6D25 /* ViewController.swift */,
				F76FA9D7266A88C9004B6D25 /* Main.storyboard */,
				F76FA9DA266A88CB004B6D25 /* Assets.xcassets */,
				F76FA9DC266A88CB004B6D25 /* LaunchScreen.storyboard */,
				F76FA9DF266A88CB004B6D25 /* Info.plist */,
				F76FAA0A266A8D23004B6D25 /* AppConfig.swift */,
			);
			path = iOSApp360;
			sourceTree = "<group>";
		};
		F76FA9E7266A88CB004B6D25 /* iOSApp360Tests */ = {
			isa = PBXGroup;
			children = (
				F76FA9E8266A88CB004B6D25 /* iOSApp360Tests.swift */,
				F76FA9EA266A88CB004B6D25 /* Info.plist */,
			);
			path = iOSApp360Tests;
			sourceTree = "<group>";
		};
		F76FA9F2266A88CB004B6D25 /* iOSApp360UITests */ = {
			isa = PBXGroup;
			children = (
				F76FA9F3266A88CB004B6D25 /* iOSApp360UITests.swift */,
				F76FA9F5266A88CB004B6D25 /* Info.plist */,
			);
			path = iOSApp360UITests;
			sourceTree = "<group>";
		};
/* End PBXGroup section */

/* Begin PBXNativeTarget section */
		F76FA9CD266A88C9004B6D25 /* iOSApp360 */ = {
			isa = PBXNativeTarget;
			buildConfigurationList = F76FA9F8266A88CB004B6D25 /* Build configuration list for PBXNativeTarget "iOSApp360" */;
			buildPhases = (
				F76FA9CA266A88C9004B6D25 /* Sources */,
				F76FA9CB266A88C9004B6D25 /* Frameworks */,
				F76FA9CC266A88C9004B6D25 /* Resources */,
			);
			buildRules = (
			);
			dependencies = (
			);
			name = iOSApp360;
			productName = iOSApp360;
			productReference = F76FA9CE266A88C9004B6D25 /* iOSApp360.app */;
			productType = "com.apple.product-type.application";
		};
		F76FA9E3266A88CB004B6D25 /* iOSApp360Tests */ = {
			isa = PBXNativeTarget;
			buildConfigurationList = F76FA9FB266A88CB004B6D25 /* Build configuration list for PBXNativeTarget "iOSApp360Tests" */;
			buildPhases = (
				F76FA9E0266A88CB004B6D25 /* Sources */,
				F76FA9E1266A88CB004B6D25 /* Frameworks */,
				F76FA9E2266A88CB004B6D25 /* Resources */,
			);
			buildRules = (
			);
			dependencies = (
				F76FA9E6266A88CB004B6D25 /* PBXTargetDependency */,
			);
			name = iOSApp360Tests;
			productName = iOSApp360Tests;
			productReference = F76FA9E4266A88CB004B6D25 /* iOSApp360Tests.xctest */;
			productType = "com.apple.product-type.bundle.unit-test";
		};
		F76FA9EE266A88CB004B6D25 /* iOSApp360UITests */ = {
			isa = PBXNativeTarget;
			buildConfigurationList = F76FA9FE266A88CB004B6D25 /* Build configuration list for PBXNativeTarget "iOSApp360UITests" */;
			buildPhases = (
				F76FA9EB266A88CB004B6D25 /* Sources */,
				F76FA9EC266A88CB004B6D25 /* Frameworks */,
				F76FA9ED266A88CB004B6D25 /* Resources */,
			);
			buildRules = (
			);
			dependencies = (
				F76FA9F1266A88CB004B6D25 /* PBXTargetDependency */,
			);
			name = iOSApp360UITests;
			productName = iOSApp360UITests;
			productReference = F76FA9EF266A88CB004B6D25 /* iOSApp360UITests.xctest */;
			productType = "com.apple.product-type.bundle.ui-testing";
		};
/* End PBXNativeTarget section */

/* Begin PBXProject section */
		F76FA9C6266A88C9004B6D25 /* Project object */ = {
			isa = PBXProject;
			attributes = {
				LastSwiftUpdateCheck = 1230;
				LastUpgradeCheck = 1230;
				TargetAttributes = {
					F76FA9CD266A88C9004B6D25 = {
						CreatedOnToolsVersion = 12.3;
					};
					F76FA9E3266A88CB004B6D25 = {
						CreatedOnToolsVersion = 12.3;
						TestTargetID = F76FA9CD266A88C9004B6D25;
					};
					F76FA9EE266A88CB004B6D25 = {
						CreatedOnToolsVersion = 12.3;
						TestTargetID = F76FA9CD266A88C9004B6D25;
					};
				};
			};
			buildConfigurationList = F76FA9C9266A88C9004B6D25 /* Build configuration list for PBXProject "iOSApp360" */;
			compatibilityVersion = "Xcode 9.3";
			developmentRegion = en;
			hasScannedForEncodings = 0;
			knownRegions = (
				en,
				Base,
			);
			mainGroup = F76FA9C5266A88C9004B6D25;
			productRefGroup = F76FA9CF266A88C9004B6D25 /* Products */;
			projectDirPath = "";
			projectRoot = "";
			targets = (
				F76FA9CD266A88C9004B6D25 /* iOSApp360 */,
				F76FA9E3266A88CB004B6D25 /* iOSApp360Tests */,
				F76FA9EE266A88CB004B6D25 /* iOSApp360UITests */,
			);
		};
/* End PBXProject section */

/* Begin PBXResourcesBuildPhase section */
		F76FA9CC266A88C9004B6D25 /* Resources */ = {
			isa = PBXResourcesBuildPhase;
			buildActionMask = 2147483647;
			files = (
				F76FA9DE266A88CB004B6D25 /* LaunchScreen.storyboard in Resources */,
				F76FA9DB266A88CB004B6D25 /* Assets.xcassets in Resources */,
				F76FA9D9266A88C9004B6D25 /* Main.storyboard in Resources */,
			);
			runOnlyForDeploymentPostprocessing = 0;
		};
		F76FA9E2266A88CB004B6D25 /* Resources */ = {
			isa = PBXResourcesBuildPhase;
			buildActionMask = 2147483647;
			files = (
			);
			runOnlyForDeploymentPostprocessing = 0;
		};
		F76FA9ED266A88CB004B6D25 /* Resources */ = {
			isa = PBXResourcesBuildPhase;
			buildActionMask = 2147483647;
			files = (
			);
			runOnlyForDeploymentPostprocessing = 0;
		};
/* End PBXResourcesBuildPhase section */

/* Begin PBXSourcesBuildPhase section */
		F76FA9CA266A88C9004B6D25 /* Sources */ = {
			isa = PBXSourcesBuildPhase;
			buildActionMask = 2147483647;
			files = (
				F76FA9D6266A88C9004B6D25 /* ViewController.swift in Sources */,
				F76FAA0B266A8D23004B6D25 /* AppConfig.swift in Sources */,
				F76FA9D2266A88C9004B6D25 /* AppDelegate.swift in Sources */,
				F76FA9D4266A88C9004B6D25 /* SceneDelegate.swift in Sources */,
			);
			runOnlyForDeploymentPostprocessing = 0;
		};
		F76FA9E0266A88CB004B6D25 /* Sources */ = {
			isa = PBXSourcesBuildPhase;
			buildActionMask = 2147483647;
			files = (
				F76FA9E9266A88CB004B6D25 /* iOSApp360Tests.swift in Sources */,
			);
			runOnlyForDeploymentPostprocessing = 0;
		};
		F76FA9EB266A88CB004B6D25 /* Sources */ = {
			isa = PBXSourcesBuildPhase;
			buildActionMask = 2147483647;
			files = (
				F76FA9F4266A88CB004B6D25 /* iOSApp360UITests.swift in Sources */,
			);
			runOnlyForDeploymentPostprocessing = 0;
		};
/* End PBXSourcesBuildPhase section */

/* Begin PBXTargetDependency section */
		F76FA9E6266A88CB004B6D25 /* PBXTargetDependency */ = {
			isa = PBXTargetDependency;
			target = F76FA9CD266A88C9004B6D25 /* iOSApp360 */;
			targetProxy = F76FA9E5266A88CB004B6D25 /* PBXContainerItemProxy */;
		};
		F76FA9F1266A88CB004B6D25 /* PBXTargetDependency */ = {
			isa = PBXTargetDependency;
			target = F76FA9CD266A88C9004B6D25 /* iOSApp360 */;
			targetProxy = F76FA9F0266A88CB004B6D25 /* PBXContainerItemProxy */;
		};
/* End PBXTargetDependency section */

/* Begin PBXVariantGroup section */
		F76FA9D7266A88C9004B6D25 /* Main.storyboard */ = {
			isa = PBXVariantGroup;
			children = (
				F76FA9D8266A88C9004B6D25 /* Base */,
			);
			name = Main.storyboard;
			sourceTree = "<group>";
		};
		F76FA9DC266A88CB004B6D25 /* LaunchScreen.storyboard */ = {
			isa = PBXVariantGroup;
			children = (
				F76FA9DD266A88CB004B6D25 /* Base */,
			);
			name = LaunchScreen.storyboard;
			sourceTree = "<group>";
		};
/* End PBXVariantGroup section */

/* Begin XCBuildConfiguration section */
		F76FA9F6266A88CB004B6D25 /* Debug */ = {
			isa = XCBuildConfiguration;
			buildSettings = {
				ALWAYS_SEARCH_USER_PATHS = NO;
				CLANG_ANALYZER_NONNULL = YES;
				CLANG_ANALYZER_NUMBER_OBJECT_CONVERSION = YES_AGGRESSIVE;
				CLANG_CXX_LANGUAGE_STANDARD = "gnu++14";
				CLANG_CXX_LIBRARY = "libc++";
				CLANG_ENABLE_MODULES = YES;
				CLANG_ENABLE_OBJC_ARC = YES;
				CLANG_ENABLE_OBJC_WEAK = YES;
				CLANG_WARN_BLOCK_CAPTURE_AUTORELEASING = YES;
				CLANG_WARN_BOOL_CONVERSION = YES;
				CLANG_WARN_COMMA = YES;
				CLANG_WARN_CONSTANT_CONVERSION = YES;
				CLANG_WARN_DEPRECATED_OBJC_IMPLEMENTATIONS = YES;
				CLANG_WARN_DIRECT_OBJC_ISA_USAGE = YES_ERROR;
				CLANG_WARN_DOCUMENTATION_COMMENTS = YES;
				CLANG_WARN_EMPTY_BODY = YES;
				CLANG_WARN_ENUM_CONVERSION = YES;
				CLANG_WARN_INFINITE_RECURSION = YES;
				CLANG_WARN_INT_CONVERSION = YES;
				CLANG_WARN_NON_LITERAL_NULL_CONVERSION = YES;
				CLANG_WARN_OBJC_IMPLICIT_RETAIN_SELF = YES;
				CLANG_WARN_OBJC_LITERAL_CONVERSION = YES;
				CLANG_WARN_OBJC_ROOT_CLASS = YES_ERROR;
				CLANG_WARN_QUOTED_INCLUDE_IN_FRAMEWORK_HEADER = YES;
				CLANG_WARN_RANGE_LOOP_ANALYSIS = YES;
				CLANG_WARN_STRICT_PROTOTYPES = YES;
				CLANG_WARN_SUSPICIOUS_MOVE = YES;
				CLANG_WARN_UNGUARDED_AVAILABILITY = YES_AGGRESSIVE;
				CLANG_WARN_UNREACHABLE_CODE = YES;
				CLANG_WARN__DUPLICATE_METHOD_MATCH = YES;
				COPY_PHASE_STRIP = NO;
				DEBUG_INFORMATION_FORMAT = dwarf;
				ENABLE_STRICT_OBJC_MSGSEND = YES;
				ENABLE_TESTABILITY = YES;
				GCC_C_LANGUAGE_STANDARD = gnu11;
				GCC_DYNAMIC_NO_PIC = NO;
				GCC_NO_COMMON_BLOCKS = YES;
				GCC_OPTIMIZATION_LEVEL = 0;
				GCC_PREPROCESSOR_DEFINITIONS = (
					"DEBUG=1",
					"$(inherited)",
				);
				GCC_WARN_64_TO_32_BIT_CONVERSION = YES;
				GCC_WARN_ABOUT_RETURN_TYPE = YES_ERROR;
				GCC_WARN_UNDECLARED_SELECTOR = YES;
				GCC_WARN_UNINITIALIZED_AUTOS = YES_AGGRESSIVE;
				GCC_WARN_UNUSED_FUNCTION = YES;
				GCC_WARN_UNUSED_VARIABLE = YES;
				IPHONEOS_DEPLOYMENT_TARGET = 14.3;
				MTL_ENABLE_DEBUG_INFO = INCLUDE_SOURCE;
				MTL_FAST_MATH = YES;
				ONLY_ACTIVE_ARCH = YES;
				SDKROOT = iphoneos;
				SWIFT_ACTIVE_COMPILATION_CONDITIONS = DEBUG;
				SWIFT_OPTIMIZATION_LEVEL = "-Onone";
			};
			name = Debug;
		};
		F76FA9F7266A88CB004B6D25 /* Release */ = {
			isa = XCBuildConfiguration;
			buildSettings = {
				ALWAYS_SEARCH_USER_PATHS = NO;
				CLANG_ANALYZER_NONNULL = YES;
				CLANG_ANALYZER_NUMBER_OBJECT_CONVERSION = YES_AGGRESSIVE;
				CLANG_CXX_LANGUAGE_STANDARD = "gnu++14";
				CLANG_CXX_LIBRARY = "libc++";
				CLANG_ENABLE_MODULES = YES;
				CLANG_ENABLE_OBJC_ARC = YES;
				CLANG_ENABLE_OBJC_WEAK = YES;
				CLANG_WARN_BLOCK_CAPTURE_AUTORELEASING = YES;
				CLANG_WARN_BOOL_CONVERSION = YES;
				CLANG_WARN_COMMA = YES;
				CLANG_WARN_CONSTANT_CONVERSION = YES;
				CLANG_WARN_DEPRECATED_OBJC_IMPLEMENTATIONS = YES;
				CLANG_WARN_DIRECT_OBJC_ISA_USAGE = YES_ERROR;
				CLANG_WARN_DOCUMENTATION_COMMENTS = YES;
				CLANG_WARN_EMPTY_BODY = YES;
				CLANG_WARN_ENUM_CONVERSION = YES;
				CLANG_WARN_INFINITE_RECURSION = YES;
				CLANG_WARN_INT_CONVERSION = YES;
				CLANG_WARN_NON_LITERAL_NULL_CONVERSION = YES;
				CLANG_WARN_OBJC_IMPLICIT_RETAIN_SELF = YES;
				CLANG_WARN_OBJC_LITERAL_CONVERSION = YES;
				CLANG_WARN_OBJC_ROOT_CLASS = YES_ERROR;
				CLANG_WARN_QUOTED_INCLUDE_IN_FRAMEWORK_HEADER = YES;
				CLANG_WARN_RANGE_LOOP_ANALYSIS = YES;
				CLANG_WARN_STRICT_PROTOTYPES = YES;
				CLANG_WARN_SUSPICIOUS_MOVE = YES;
				CLANG_WARN_UNGUARDED_AVAILABILITY = YES_AGGRESSIVE;
				CLANG_WARN_UNREACHABLE_CODE = YES;
				CLANG_WARN__DUPLICATE_METHOD_MATCH = YES;
				COPY_PHASE_STRIP = NO;
				DEBUG_INFORMATION_FORMAT = "dwarf-with-dsym";
				ENABLE_NS_ASSERTIONS = NO;
				ENABLE_STRICT_OBJC_MSGSEND = YES;
				GCC_C_LANGUAGE_STANDARD = gnu11;
				GCC_NO_COMMON_BLOCKS = YES;
				GCC_WARN_64_TO_32_BIT_CONVERSION = YES;
				GCC_WARN_ABOUT_RETURN_TYPE = YES_ERROR;
				GCC_WARN_UNDECLARED_SELECTOR = YES;
				GCC_WARN_UNINITIALIZED_AUTOS = YES_AGGRESSIVE;
				GCC_WARN_UNUSED_FUNCTION = YES;
				GCC_WARN_UNUSED_VARIABLE = YES;
				IPHONEOS_DEPLOYMENT_TARGET = 14.3;
				MTL_ENABLE_DEBUG_INFO = NO;
				MTL_FAST_MATH = YES;
				SDKROOT = iphoneos;
				SWIFT_COMPILATION_MODE = wholemodule;
				SWIFT_OPTIMIZATION_LEVEL = "-O";
				VALIDATE_PRODUCT = YES;
			};
			name = Release;
		};
		F76FA9F9266A88CB004B6D25 /* Debug */ = {
			isa = XCBuildConfiguration;
			buildSettings = {
				ASSETCATALOG_COMPILER_APPICON_NAME = AppIcon;
				ASSETCATALOG_COMPILER_GLOBAL_ACCENT_COLOR_NAME = AccentColor;
				CODE_SIGN_STYLE = Manual;
				DEVELOPMENT_TEAM = "";
				INFOPLIST_FILE = iOSApp360/Info.plist;
				LD_RUNPATH_SEARCH_PATHS = (
					"$(inherited)",
					"@executable_path/Frameworks",
				);
				PRODUCT_BUNDLE_IDENTIFIER = com.ios.iOSApp360;
				PRODUCT_NAME = "$(TARGET_NAME)";
				PROVISIONING_PROFILE_SPECIFIER = "";
				SWIFT_VERSION = 5.0;
				TARGETED_DEVICE_FAMILY = "1,2";
			};
			name = Debug;
		};
		F76FA9FA266A88CB004B6D25 /* Release */ = {
			isa = XCBuildConfiguration;
			buildSettings = {
				ASSETCATALOG_COMPILER_APPICON_NAME = AppIcon;
				ASSETCATALOG_COMPILER_GLOBAL_ACCENT_COLOR_NAME = AccentColor;
				CODE_SIGN_STYLE = Manual;
				DEVELOPMENT_TEAM = "";
				INFOPLIST_FILE = iOSApp360/Info.plist;
				LD_RUNPATH_SEARCH_PATHS = (
					"$(inherited)",
					"@executable_path/Frameworks",
				);
				PRODUCT_BUNDLE_IDENTIFIER = com.ios.iOSApp360;
				PRODUCT_NAME = "$(TARGET_NAME)";
				PROVISIONING_PROFILE_SPECIFIER = "";
				SWIFT_VERSION = 5.0;
				TARGETED_DEVICE_FAMILY = "1,2";
			};
			name = Release;
		};
		F76FA9FC266A88CB004B6D25 /* Debug */ = {
			isa = XCBuildConfiguration;
			buildSettings = {
				ALWAYS_EMBED_SWIFT_STANDARD_LIBRARIES = YES;
				BUNDLE_LOADER = "$(TEST_HOST)";
				CODE_SIGN_STYLE = Automatic;
				INFOPLIST_FILE = iOSApp360Tests/Info.plist;
				IPHONEOS_DEPLOYMENT_TARGET = 14.3;
				LD_RUNPATH_SEARCH_PATHS = (
					"$(inherited)",
					"@executable_path/Frameworks",
					"@loader_path/Frameworks",
				);
				PRODUCT_BUNDLE_IDENTIFIER = com.ios.iOSApp360Tests;
				PRODUCT_NAME = "$(TARGET_NAME)";
				SWIFT_VERSION = 5.0;
				TARGETED_DEVICE_FAMILY = "1,2";
				TEST_HOST = "$(BUILT_PRODUCTS_DIR)/iOSApp360.app/iOSApp360";
			};
			name = Debug;
		};
		F76FA9FD266A88CB004B6D25 /* Release */ = {
			isa = XCBuildConfiguration;
			buildSettings = {
				ALWAYS_EMBED_SWIFT_STANDARD_LIBRARIES = YES;
				BUNDLE_LOADER = "$(TEST_HOST)";
				CODE_SIGN_STYLE = Automatic;
				INFOPLIST_FILE = iOSApp360Tests/Info.plist;
				IPHONEOS_DEPLOYMENT_TARGET = 14.3;
				LD_RUNPATH_SEARCH_PATHS = (
					"$(inherited)",
					"@executable_path/Frameworks",
					"@loader_path/Frameworks",
				);
				PRODUCT_BUNDLE_IDENTIFIER = com.ios.iOSApp360Tests;
				PRODUCT_NAME = "$(TARGET_NAME)";
				SWIFT_VERSION = 5.0;
				TARGETED_DEVICE_FAMILY = "1,2";
				TEST_HOST = "$(BUILT_PRODUCTS_DIR)/iOSApp360.app/iOSApp360";
			};
			name = Release;
		};
		F76FA9FF266A88CB004B6D25 /* Debug */ = {
			isa = XCBuildConfiguration;
			buildSettings = {
				ALWAYS_EMBED_SWIFT_STANDARD_LIBRARIES = YES;
				CODE_SIGN_STYLE = Automatic;
				INFOPLIST_FILE = iOSApp360UITests/Info.plist;
				LD_RUNPATH_SEARCH_PATHS = (
					"$(inherited)",
					"@executable_path/Frameworks",
					"@loader_path/Frameworks",
				);
				PRODUCT_BUNDLE_IDENTIFIER = com.ios.iOSApp360UITests;
				PRODUCT_NAME = "$(TARGET_NAME)";
				SWIFT_VERSION = 5.0;
				TARGETED_DEVICE_FAMILY = "1,2";
				TEST_TARGET_NAME = iOSApp360;
			};
			name = Debug;
		};
		F76FAA00266A88CB004B6D25 /* Release */ = {
			isa = XCBuildConfiguration;
			buildSettings = {
				ALWAYS_EMBED_SWIFT_STANDARD_LIBRARIES = YES;
				CODE_SIGN_STYLE = Automatic;
				INFOPLIST_FILE = iOSApp360UITests/Info.plist;
				LD_RUNPATH_SEARCH_PATHS = (
					"$(inherited)",
					"@executable_path/Frameworks",
					"@loader_path/Frameworks",
				);
				PRODUCT_BUNDLE_IDENTIFIER = com.ios.iOSApp360UITests;
				PRODUCT_NAME = "$(TARGET_NAME)";
				SWIFT_VERSION = 5.0;
				TARGETED_DEVICE_FAMILY = "1,2";
				TEST_TARGET_NAME = iOSApp360;
			};
			name = Release;
		};
/* End XCBuildConfiguration section */

/* Begin XCConfigurationList section */
		F76FA9C9266A88C9004B6D25 /* Build configuration list for PBXProject "iOSApp360" */ = {
			isa = XCConfigurationList;
			buildConfigurations = (
				F76FA9F6266A88CB004B6D25 /* Debug */,
				F76FA9F7266A88CB004B6D25 /* Release */,
			);
			defaultConfigurationIsVisible = 0;
			defaultConfigurationName = Release;
		};
		F76FA9F8266A88CB004B6D25 /* Build configuration list for PBXNativeTarget "iOSApp360" */ = {
			isa = XCConfigurationList;
			buildConfigurations = (
				F76FA9F9266A88CB004B6D25 /* Debug */,
				F76FA9FA266A88CB004B6D25 /* Release */,
			);
			defaultConfigurationIsVisible = 0;
			defaultConfigurationName = Release;
		};
		F76FA9FB266A88CB004B6D25 /* Build configuration list for PBXNativeTarget "iOSApp360Tests" */ = {
			isa = XCConfigurationList;
			buildConfigurations = (
				F76FA9FC266A88CB004B6D25 /* Debug */,
				F76FA9FD266A88CB004B6D25 /* Release */,
			);
			defaultConfigurationIsVisible = 0;
			defaultConfigurationName = Release;
		};
		F76FA9FE266A88CB004B6D25 /* Build configuration list for PBXNativeTarget "iOSApp360UITests" */ = {
			isa = XCConfigurationList;
			buildConfigurations = (
				F76FA9FF266A88CB004B6D25 /* Debug */,
				F76FAA00266A88CB004B6D25 /* Release */,
			);
			defaultConfigurationIsVisible = 0;
			defaultConfigurationName = Release;
		};
/* End XCConfigurationList section */
	};
	rootObject = F76FA9C6266A88C9004B6D25 /* Project object */;
}
